
Microsoft Visual Studio Solution File, Format Version 12.00
# Visual Studio Version 16
VisualStudioVersion = 16.0.29920.165
MinimumVisualStudioVersion = 10.0.40219.1
Project("{FAE04EC0-301F-11D3-BF4B-00C04F79EFBC}") = "Snake", "Snake.csproj", "{CE834BA1-B36A-4B83-A79E-55F067F485C9}"
EndProject
Global
	GlobalSection(SolutionConfigurationPlatforms) = preSolution
		Debug|Any CPU = Debug|Any CPU
		Release|Any CPU = Release|Any CPU
	EndGlobalSection
	GlobalSection(ProjectConfigurationPlatforms) = postSolution
		{CE834BA1-B36A-4B83-A79E-55F067F485C9}.Debug|Any CPU.ActiveCfg = Debug|Any CPU
		{CE834BA1-B36A-4B83-A79E-55F067F485C9}.Debug|Any CPU.Build.0 = Debug|Any CPU
		{CE834BA1-B36A-4B83-A79E-55F067F485C9}.Release|Any CPU.ActiveCfg = Release|Any CPU
		{CE834BA1-B36A-4B83-A79E-55F067F485C9}.Release|Any CPU.Build.0 = Release|Any CPU
	EndGlobalSection
	GlobalSection(SolutionProperties) = preSolution
		HideSolutionNode = FALSE
	EndGlobalSection
	GlobalSection(ExtensibilityGlobals) = postSolution
		SolutionGuid = {2E7DA9F2-D737-4BEE-B0D5-34847B2FEE94}
	EndGlobalSection
EndGlobal
